
Microsoft Visual Studio Solution File, Format Version 12.00
# Visual Studio Version 17
VisualStudioVersion = 17.1.32328.378
MinimumVisualStudioVersion = 10.0.40219.1
Project("{FAE04EC0-301F-11D3-BF4B-00C04F79EFBC}") = "Algorithm", "Algorithm\Algorithm.csproj", "{96F19783-33C0-43CB-9B44-50362F5F23F2}"
EndProject
Global
	GlobalSection(SolutionConfigurationPlatforms) = preSolution
		Debug|Any CPU = Debug|Any CPU
		Release|Any CPU = Release|Any CPU
	EndGlobalSection
	GlobalSection(ProjectConfigurationPlatforms) = postSolution
		{96F19783-33C0-43CB-9B44-50362F5F23F2}.Debug|Any CPU.ActiveCfg = Debug|Any CPU
		{96F19783-33C0-43CB-9B44-50362F5F23F2}.Debug|Any CPU.Build.0 = Debug|Any CPU
		{96F19783-33C0-43CB-9B44-50362F5F23F2}.Release|Any CPU.ActiveCfg = Release|Any CPU
		{96F19783-33C0-43CB-9B44-50362F5F23F2}.Release|Any CPU.Build.0 = Release|Any CPU
	EndGlobalSection
	GlobalSection(SolutionProperties) = preSolution
		HideSolutionNode = FALSE
	EndGlobalSection
	GlobalSection(ExtensibilityGlobals) = postSolution
		SolutionGuid = {2AD6F7EA-49AD-4FC4-8315-5D1CA4654672}
	EndGlobalSection
EndGlobal
